// !$*UTF8*$!
{
	archiveVersion = 1;
	classes = {
	};
	objectVersion = 50;
	objects = {

/* Begin PBXBuildFile section */
		CC2AFD3C214031A500E92019 /* urlPList.plist in Resources */ = {isa = PBXBuildFile; fileRef = CC2AFD3B214031A500E92019 /* urlPList.plist */; };
		CC34F9042139638A0086C3B6 /* AppDelegate.m in Sources */ = {isa = PBXBuildFile; fileRef = CC34F9032139638A0086C3B6 /* AppDelegate.m */; };
		CC34F9072139638A0086C3B6 /* FirstScreenView.m in Sources */ = {isa = PBXBuildFile; fileRef = CC34F9062139638A0086C3B6 /* FirstScreenView.m */; };
		CC34F90A2139638A0086C3B6 /* Main.storyboard in Resources */ = {isa = PBXBuildFile; fileRef = CC34F9082139638A0086C3B6 /* Main.storyboard */; };
		CC34F90C2139638B0086C3B6 /* Assets.xcassets in Resources */ = {isa = PBXBuildFile; fileRef = CC34F90B2139638B0086C3B6 /* Assets.xcassets */; };
		CC34F90F2139638B0086C3B6 /* LaunchScreen.storyboard in Resources */ = {isa = PBXBuildFile; fileRef = CC34F90D2139638B0086C3B6 /* LaunchScreen.storyboard */; };
		CC34F9122139638B0086C3B6 /* main.m in Sources */ = {isa = PBXBuildFile; fileRef = CC34F9112139638B0086C3B6 /* main.m */; };
		CC34F92121396B180086C3B6 /* NewsPreviewCell.m in Sources */ = {isa = PBXBuildFile; fileRef = CC34F92021396B180086C3B6 /* NewsPreviewCell.m */; };
		CC34F931213D1F0C0086C3B6 /* NewsPreviewCell.xib in Resources */ = {isa = PBXBuildFile; fileRef = CC34F930213D1F0C0086C3B6 /* NewsPreviewCell.xib */; };
		CC34F937213D5C760086C3B6 /* NewsComponents.m in Sources */ = {isa = PBXBuildFile; fileRef = CC34F936213D5C760086C3B6 /* NewsComponents.m */; };
		CEA8BECA214673780076DCAB /* NewsMainScreenView.m in Sources */ = {isa = PBXBuildFile; fileRef = CEA8BEC9214673770076DCAB /* NewsMainScreenView.m */; };
		CEA8BED521468A830076DCAB /* CurrentNewsRouter.m in Sources */ = {isa = PBXBuildFile; fileRef = CEA8BED421468A830076DCAB /* CurrentNewsRouter.m */; };
		CEA8BEDA21469C490076DCAB /* NewsMainScreenPresenter.m in Sources */ = {isa = PBXBuildFile; fileRef = CEA8BED921469C490076DCAB /* NewsMainScreenPresenter.m */; };
		CEA8BEDE21469E560076DCAB /* NewsMainScreenInteractor.m in Sources */ = {isa = PBXBuildFile; fileRef = CEA8BEDD21469E560076DCAB /* NewsMainScreenInteractor.m */; };
		CEA8BEE52146A1210076DCAB /* NewsMainScreenRouter.m in Sources */ = {isa = PBXBuildFile; fileRef = CEA8BEE42146A1210076DCAB /* NewsMainScreenRouter.m */; };
		CEB9B8532147C0B5006EED75 /* CalculatorScreenRouter.m in Sources */ = {isa = PBXBuildFile; fileRef = CEB9B8522147C0B5006EED75 /* CalculatorScreenRouter.m */; };
		CEB9B8592147C482006EED75 /* CalculatorScreenView.m in Sources */ = {isa = PBXBuildFile; fileRef = CEB9B8582147C482006EED75 /* CalculatorScreenView.m */; };
		CEB9B85C2147C4CA006EED75 /* CalculatorScreenInteractor.m in Sources */ = {isa = PBXBuildFile; fileRef = CEB9B85B2147C4CA006EED75 /* CalculatorScreenInteractor.m */; };
		CEB9B85F2147C501006EED75 /* CalculatorScreenPresenter.m in Sources */ = {isa = PBXBuildFile; fileRef = CEB9B85E2147C501006EED75 /* CalculatorScreenPresenter.m */; };
		CEB9B8622147DABE006EED75 /* CalculatorEntity.m in Sources */ = {isa = PBXBuildFile; fileRef = CEB9B8612147DABE006EED75 /* CalculatorEntity.m */; };
		CEB9B88D214BE019006EED75 /* NewsMainScreenConfigurator.m in Sources */ = {isa = PBXBuildFile; fileRef = CEB9B88C214BE019006EED75 /* NewsMainScreenConfigurator.m */; };
		CEB9B891214BF7B5006EED75 /* CurrentNewsConfigurator.m in Sources */ = {isa = PBXBuildFile; fileRef = CEB9B890214BF7B5006EED75 /* CurrentNewsConfigurator.m */; };
		CEB9B895214BF9F5006EED75 /* CalculatorConfigurator.m in Sources */ = {isa = PBXBuildFile; fileRef = CEB9B894214BF9F5006EED75 /* CalculatorConfigurator.m */; };
		CECCEAC821465CE30042D660 /* CurrentNewsPresenter.m in Sources */ = {isa = PBXBuildFile; fileRef = CECCEAC721465CE30042D660 /* CurrentNewsPresenter.m */; };
		CECCEACB21465E820042D660 /* CurrentNewsView.m in Sources */ = {isa = PBXBuildFile; fileRef = CECCEAC921465E810042D660 /* CurrentNewsView.m */; };
		CECCEACF21466C340042D660 /* CurrentNewsInteractor.m in Sources */ = {isa = PBXBuildFile; fileRef = CECCEACE21466C340042D660 /* CurrentNewsInteractor.m */; };
/* End PBXBuildFile section */

/* Begin PBXContainerItemProxy section */
		CEB9B88121495920006EED75 /* PBXContainerItemProxy */ = {
			isa = PBXContainerItemProxy;
			containerPortal = CC34F8F72139638A0086C3B6 /* Project object */;
			proxyType = 1;
			remoteGlobalIDString = CC34F8FE2139638A0086C3B6;
			remoteInfo = NewsFeed;
		};
/* End PBXContainerItemProxy section */

/* Begin PBXFileReference section */
		CC2AFD3B214031A500E92019 /* urlPList.plist */ = {isa = PBXFileReference; lastKnownFileType = text.plist.xml; path = urlPList.plist; sourceTree = "<group>"; };
		CC34F8FF2139638A0086C3B6 /* NewsFeed.app */ = {isa = PBXFileReference; explicitFileType = wrapper.application; includeInIndex = 0; path = NewsFeed.app; sourceTree = BUILT_PRODUCTS_DIR; };
		CC34F9022139638A0086C3B6 /* AppDelegate.h */ = {isa = PBXFileReference; lastKnownFileType = sourcecode.c.h; path = AppDelegate.h; sourceTree = "<group>"; };
		CC34F9032139638A0086C3B6 /* AppDelegate.m */ = {isa = PBXFileReference; lastKnownFileType = sourcecode.c.objc; path = AppDelegate.m; sourceTree = "<group>"; };
		CC34F9052139638A0086C3B6 /* FirstScreenView.h */ = {isa = PBXFileReference; lastKnownFileType = sourcecode.c.h; path = FirstScreenView.h; sourceTree = "<group>"; };
		CC34F9062139638A0086C3B6 /* FirstScreenView.m */ = {isa = PBXFileReference; lastKnownFileType = sourcecode.c.objc; path = FirstScreenView.m; sourceTree = "<group>"; };
		CC34F9092139638A0086C3B6 /* Base */ = {isa = PBXFileReference; lastKnownFileType = file.storyboard; name = Base; path = Base.lproj/Main.storyboard; sourceTree = "<group>"; };
		CC34F90B2139638B0086C3B6 /* Assets.xcassets */ = {isa = PBXFileReference; lastKnownFileType = folder.assetcatalog; path = Assets.xcassets; sourceTree = "<group>"; };
		CC34F90E2139638B0086C3B6 /* Base */ = {isa = PBXFileReference; lastKnownFileType = file.storyboard; name = Base; path = Base.lproj/LaunchScreen.storyboard; sourceTree = "<group>"; };
		CC34F9102139638B0086C3B6 /* Info.plist */ = {isa = PBXFileReference; lastKnownFileType = text.plist.xml; path = Info.plist; sourceTree = "<group>"; };
		CC34F9112139638B0086C3B6 /* main.m */ = {isa = PBXFileReference; lastKnownFileType = sourcecode.c.objc; path = main.m; sourceTree = "<group>"; };
		CC34F92021396B180086C3B6 /* NewsPreviewCell.m */ = {isa = PBXFileReference; lastKnownFileType = sourcecode.c.objc; path = NewsPreviewCell.m; sourceTree = "<group>"; };
		CC34F92E21397A150086C3B6 /* NewsModelProtocol.h */ = {isa = PBXFileReference; lastKnownFileType = sourcecode.c.h; path = NewsModelProtocol.h; sourceTree = "<group>"; };
		CC34F92F213991180086C3B6 /* NewsPreviewCell.h */ = {isa = PBXFileReference; lastKnownFileType = sourcecode.c.h; path = NewsPreviewCell.h; sourceTree = "<group>"; };
		CC34F930213D1F0C0086C3B6 /* NewsPreviewCell.xib */ = {isa = PBXFileReference; lastKnownFileType = file.xib; path = NewsPreviewCell.xib; sourceTree = "<group>"; };
		CC34F935213D5C760086C3B6 /* NewsComponents.h */ = {isa = PBXFileReference; lastKnownFileType = sourcecode.c.h; path = NewsComponents.h; sourceTree = "<group>"; };
		CC34F936213D5C760086C3B6 /* NewsComponents.m */ = {isa = PBXFileReference; lastKnownFileType = sourcecode.c.objc; path = NewsComponents.m; sourceTree = "<group>"; };
		CEA8BEC8214673770076DCAB /* NewsMainScreenView.h */ = {isa = PBXFileReference; fileEncoding = 4; lastKnownFileType = sourcecode.c.h; path = NewsMainScreenView.h; sourceTree = "<group>"; };
		CEA8BEC9214673770076DCAB /* NewsMainScreenView.m */ = {isa = PBXFileReference; fileEncoding = 4; lastKnownFileType = sourcecode.c.objc; path = NewsMainScreenView.m; sourceTree = "<group>"; };
		CEA8BED321468A830076DCAB /* CurrentNewsRouter.h */ = {isa = PBXFileReference; lastKnownFileType = sourcecode.c.h; path = CurrentNewsRouter.h; sourceTree = "<group>"; };
		CEA8BED421468A830076DCAB /* CurrentNewsRouter.m */ = {isa = PBXFileReference; lastKnownFileType = sourcecode.c.objc; path = CurrentNewsRouter.m; sourceTree = "<group>"; };
		CEA8BED821469C490076DCAB /* NewsMainScreenPresenter.h */ = {isa = PBXFileReference; lastKnownFileType = sourcecode.c.h; path = NewsMainScreenPresenter.h; sourceTree = "<group>"; };
		CEA8BED921469C490076DCAB /* NewsMainScreenPresenter.m */ = {isa = PBXFileReference; lastKnownFileType = sourcecode.c.objc; path = NewsMainScreenPresenter.m; sourceTree = "<group>"; };
		CEA8BEDC21469E560076DCAB /* NewsMainScreenInteractor.h */ = {isa = PBXFileReference; lastKnownFileType = sourcecode.c.h; path = NewsMainScreenInteractor.h; sourceTree = "<group>"; };
		CEA8BEDD21469E560076DCAB /* NewsMainScreenInteractor.m */ = {isa = PBXFileReference; lastKnownFileType = sourcecode.c.objc; path = NewsMainScreenInteractor.m; sourceTree = "<group>"; };
		CEA8BEDF21469E760076DCAB /* NewsMainScreenInteractorProtocol.h */ = {isa = PBXFileReference; lastKnownFileType = sourcecode.c.h; path = NewsMainScreenInteractorProtocol.h; sourceTree = "<group>"; };
		CEA8BEE021469ED20076DCAB /* NewsMainScreenPresenterProtocol.h */ = {isa = PBXFileReference; lastKnownFileType = sourcecode.c.h; path = NewsMainScreenPresenterProtocol.h; sourceTree = "<group>"; };
		CEA8BEE121469F4D0076DCAB /* NewsMainScreenViewProtocol.h */ = {isa = PBXFileReference; lastKnownFileType = sourcecode.c.h; path = NewsMainScreenViewProtocol.h; sourceTree = "<group>"; };
		CEA8BEE32146A1210076DCAB /* NewsMainScreenRouter.h */ = {isa = PBXFileReference; lastKnownFileType = sourcecode.c.h; path = NewsMainScreenRouter.h; sourceTree = "<group>"; };
		CEA8BEE42146A1210076DCAB /* NewsMainScreenRouter.m */ = {isa = PBXFileReference; lastKnownFileType = sourcecode.c.objc; path = NewsMainScreenRouter.m; sourceTree = "<group>"; };
		CEB9B84A2147AD85006EED75 /* CurrentNewsViewProtocol.h */ = {isa = PBXFileReference; lastKnownFileType = sourcecode.c.h; path = CurrentNewsViewProtocol.h; sourceTree = "<group>"; };
		CEB9B8512147C0B5006EED75 /* CalculatorScreenRouter.h */ = {isa = PBXFileReference; lastKnownFileType = sourcecode.c.h; path = CalculatorScreenRouter.h; sourceTree = "<group>"; };
		CEB9B8522147C0B5006EED75 /* CalculatorScreenRouter.m */ = {isa = PBXFileReference; lastKnownFileType = sourcecode.c.objc; path = CalculatorScreenRouter.m; sourceTree = "<group>"; };
		CEB9B8542147C234006EED75 /* CalculatorScreenViewProtocol.h */ = {isa = PBXFileReference; lastKnownFileType = sourcecode.c.h; path = CalculatorScreenViewProtocol.h; sourceTree = "<group>"; };
		CEB9B8552147C2CF006EED75 /* CalculatorScreenInteractorProtocol.h */ = {isa = PBXFileReference; lastKnownFileType = sourcecode.c.h; path = CalculatorScreenInteractorProtocol.h; sourceTree = "<group>"; };
		CEB9B8562147C30C006EED75 /* CalculatorScreenPresenterProtocol.h */ = {isa = PBXFileReference; lastKnownFileType = sourcecode.c.h; path = CalculatorScreenPresenterProtocol.h; sourceTree = "<group>"; };
		CEB9B8572147C482006EED75 /* CalculatorScreenView.h */ = {isa = PBXFileReference; lastKnownFileType = sourcecode.c.h; path = CalculatorScreenView.h; sourceTree = "<group>"; };
		CEB9B8582147C482006EED75 /* CalculatorScreenView.m */ = {isa = PBXFileReference; lastKnownFileType = sourcecode.c.objc; path = CalculatorScreenView.m; sourceTree = "<group>"; };
		CEB9B85A2147C4CA006EED75 /* CalculatorScreenInteractor.h */ = {isa = PBXFileReference; lastKnownFileType = sourcecode.c.h; path = CalculatorScreenInteractor.h; sourceTree = "<group>"; };
		CEB9B85B2147C4CA006EED75 /* CalculatorScreenInteractor.m */ = {isa = PBXFileReference; lastKnownFileType = sourcecode.c.objc; path = CalculatorScreenInteractor.m; sourceTree = "<group>"; };
		CEB9B85D2147C501006EED75 /* CalculatorScreenPresenter.h */ = {isa = PBXFileReference; lastKnownFileType = sourcecode.c.h; path = CalculatorScreenPresenter.h; sourceTree = "<group>"; };
		CEB9B85E2147C501006EED75 /* CalculatorScreenPresenter.m */ = {isa = PBXFileReference; lastKnownFileType = sourcecode.c.objc; path = CalculatorScreenPresenter.m; sourceTree = "<group>"; };
		CEB9B8602147DABE006EED75 /* CalculatorEntity.h */ = {isa = PBXFileReference; lastKnownFileType = sourcecode.c.h; path = CalculatorEntity.h; sourceTree = "<group>"; };
		CEB9B8612147DABE006EED75 /* CalculatorEntity.m */ = {isa = PBXFileReference; lastKnownFileType = sourcecode.c.objc; path = CalculatorEntity.m; sourceTree = "<group>"; };
		CEB9B8632147DACB006EED75 /* CalculatorEntityProtocol.h */ = {isa = PBXFileReference; lastKnownFileType = sourcecode.c.h; path = CalculatorEntityProtocol.h; sourceTree = "<group>"; };
		CEB9B8642147F37D006EED75 /* CalculatorTypes.h */ = {isa = PBXFileReference; lastKnownFileType = sourcecode.c.h; path = CalculatorTypes.h; sourceTree = "<group>"; };
		CEB9B87C21495920006EED75 /* CalculatorUiTests.xctest */ = {isa = PBXFileReference; explicitFileType = wrapper.cfbundle; includeInIndex = 0; path = CalculatorUiTests.xctest; sourceTree = BUILT_PRODUCTS_DIR; };
		CEB9B88B214BE019006EED75 /* NewsMainScreenConfigurator.h */ = {isa = PBXFileReference; lastKnownFileType = sourcecode.c.h; path = NewsMainScreenConfigurator.h; sourceTree = "<group>"; };
		CEB9B88C214BE019006EED75 /* NewsMainScreenConfigurator.m */ = {isa = PBXFileReference; lastKnownFileType = sourcecode.c.objc; path = NewsMainScreenConfigurator.m; sourceTree = "<group>"; };
		CEB9B88F214BF7B5006EED75 /* CurrentNewsConfigurator.h */ = {isa = PBXFileReference; lastKnownFileType = sourcecode.c.h; path = CurrentNewsConfigurator.h; sourceTree = "<group>"; };
		CEB9B890214BF7B5006EED75 /* CurrentNewsConfigurator.m */ = {isa = PBXFileReference; lastKnownFileType = sourcecode.c.objc; path = CurrentNewsConfigurator.m; sourceTree = "<group>"; };
		CEB9B893214BF9F5006EED75 /* CalculatorConfigurator.h */ = {isa = PBXFileReference; lastKnownFileType = sourcecode.c.h; path = CalculatorConfigurator.h; sourceTree = "<group>"; };
		CEB9B894214BF9F5006EED75 /* CalculatorConfigurator.m */ = {isa = PBXFileReference; lastKnownFileType = sourcecode.c.objc; path = CalculatorConfigurator.m; sourceTree = "<group>"; };
		CEB9B896214C111E006EED75 /* NewsMainScreenRouterProtocol.h */ = {isa = PBXFileReference; lastKnownFileType = sourcecode.c.h; path = NewsMainScreenRouterProtocol.h; sourceTree = "<group>"; };
		CECCEAC621465CE30042D660 /* CurrentNewsPresenter.h */ = {isa = PBXFileReference; lastKnownFileType = sourcecode.c.h; name = CurrentNewsPresenter.h; path = "NewsFeed/Current News Module/Present/CurrentNewsPresenter.h"; sourceTree = SOURCE_ROOT; };
		CECCEAC721465CE30042D660 /* CurrentNewsPresenter.m */ = {isa = PBXFileReference; lastKnownFileType = sourcecode.c.objc; name = CurrentNewsPresenter.m; path = "NewsFeed/Current News Module/Present/CurrentNewsPresenter.m"; sourceTree = SOURCE_ROOT; };
		CECCEAC921465E810042D660 /* CurrentNewsView.m */ = {isa = PBXFileReference; fileEncoding = 4; lastKnownFileType = sourcecode.c.objc; name = CurrentNewsView.m; path = "NewsFeed/Current News Module/View/CurrentNewsView.m"; sourceTree = SOURCE_ROOT; };
		CECCEACA21465E820042D660 /* CurrentNewsView.h */ = {isa = PBXFileReference; fileEncoding = 4; lastKnownFileType = sourcecode.c.h; name = CurrentNewsView.h; path = "NewsFeed/Current News Module/View/CurrentNewsView.h"; sourceTree = SOURCE_ROOT; };
		CECCEACC2146624C0042D660 /* CurrentNewsPresentProtocol.h */ = {isa = PBXFileReference; lastKnownFileType = sourcecode.c.h; name = CurrentNewsPresentProtocol.h; path = "NewsFeed/Current News Module/Present/CurrentNewsPresentProtocol.h"; sourceTree = SOURCE_ROOT; };
		CECCEACD21466C340042D660 /* CurrentNewsInteractor.h */ = {isa = PBXFileReference; lastKnownFileType = sourcecode.c.h; name = CurrentNewsInteractor.h; path = "NewsFeed/Current News Module/Interactor/CurrentNewsInteractor.h"; sourceTree = SOURCE_ROOT; };
		CECCEACE21466C340042D660 /* CurrentNewsInteractor.m */ = {isa = PBXFileReference; lastKnownFileType = sourcecode.c.objc; name = CurrentNewsInteractor.m; path = "NewsFeed/Current News Module/Interactor/CurrentNewsInteractor.m"; sourceTree = SOURCE_ROOT; };
		CECCEAD021466D320042D660 /* CurrentNewsInteractProtocol.h */ = {isa = PBXFileReference; lastKnownFileType = sourcecode.c.h; name = CurrentNewsInteractProtocol.h; path = "NewsFeed/Current News Module/Interactor/CurrentNewsInteractProtocol.h"; sourceTree = SOURCE_ROOT; };
/* End PBXFileReference section */

/* Begin PBXFrameworksBuildPhase section */
		CC34F8FC2139638A0086C3B6 /* Frameworks */ = {
			isa = PBXFrameworksBuildPhase;
			buildActionMask = 2147483647;
			files = (
			);
			runOnlyForDeploymentPostprocessing = 0;
		};
		CEB9B87921495920006EED75 /* Frameworks */ = {
			isa = PBXFrameworksBuildPhase;
			buildActionMask = 2147483647;
			files = (
			);
			runOnlyForDeploymentPostprocessing = 0;
		};
/* End PBXFrameworksBuildPhase section */

/* Begin PBXGroup section */
		CC34F8F62139638A0086C3B6 = {
			isa = PBXGroup;
			children = (
				CC34F9012139638A0086C3B6 /* NewsFeed */,
				CC34F9002139638A0086C3B6 /* Products */,
			);
			sourceTree = "<group>";
		};
		CC34F9002139638A0086C3B6 /* Products */ = {
			isa = PBXGroup;
			children = (
				CC34F8FF2139638A0086C3B6 /* NewsFeed.app */,
				CEB9B87C21495920006EED75 /* CalculatorUiTests.xctest */,
			);
			name = Products;
			sourceTree = "<group>";
		};
		CC34F9012139638A0086C3B6 /* NewsFeed */ = {
			isa = PBXGroup;
			children = (
				CEA8BECC214675230076DCAB /* First Screen Module */,
				CEB9B84B2147BDEC006EED75 /* Calculator Module */,
				CEA8BECB2146737D0076DCAB /* News Module */,
				CECCEAC521465CAB0042D660 /* Current News Module */,
				CC34F9022139638A0086C3B6 /* AppDelegate.h */,
				CC34F9032139638A0086C3B6 /* AppDelegate.m */,
				CC34F9082139638A0086C3B6 /* Main.storyboard */,
				CC34F90B2139638B0086C3B6 /* Assets.xcassets */,
				CC34F90D2139638B0086C3B6 /* LaunchScreen.storyboard */,
				CC34F9102139638B0086C3B6 /* Info.plist */,
				CC2AFD3B214031A500E92019 /* urlPList.plist */,
				CC34F9112139638B0086C3B6 /* main.m */,
			);
			path = NewsFeed;
			sourceTree = "<group>";
		};
		CC34F92B213977580086C3B6 /* View */ = {
			isa = PBXGroup;
			children = (
				CC34F9052139638A0086C3B6 /* FirstScreenView.h */,
				CC34F9062139638A0086C3B6 /* FirstScreenView.m */,
			);
			path = View;
			sourceTree = "<group>";
		};
		CC34F92C213977710086C3B6 /* NewsPreviewCell */ = {
			isa = PBXGroup;
			children = (
				CC34F930213D1F0C0086C3B6 /* NewsPreviewCell.xib */,
				CC34F92F213991180086C3B6 /* NewsPreviewCell.h */,
				CC34F92021396B180086C3B6 /* NewsPreviewCell.m */,
			);
			path = NewsPreviewCell;
			sourceTree = "<group>";
		};
		CC34F92D213977820086C3B6 /* Model */ = {
			isa = PBXGroup;
			children = (
				CC34F92E21397A150086C3B6 /* NewsModelProtocol.h */,
				CC34F935213D5C760086C3B6 /* NewsComponents.h */,
				CC34F936213D5C760086C3B6 /* NewsComponents.m */,
			);
			path = Model;
			sourceTree = "<group>";
		};
		CEA8BECB2146737D0076DCAB /* News Module */ = {
			isa = PBXGroup;
			children = (
				CEB9B88A214BE005006EED75 /* Configurator */,
				CEA8BEE22146A1100076DCAB /* Router */,
				CEA8BEDB21469E370076DCAB /* Interactor */,
				CEA8BED721469C240076DCAB /* Present */,
				CEA8BED1214686F60076DCAB /* Views */,
				CC34F92D213977820086C3B6 /* Model */,
			);
			path = "News Module";
			sourceTree = "<group>";
		};
		CEA8BECC214675230076DCAB /* First Screen Module */ = {
			isa = PBXGroup;
			children = (
				CC34F92B213977580086C3B6 /* View */,
			);
			path = "First Screen Module";
			sourceTree = "<group>";
		};
		CEA8BECE2146768D0076DCAB /* View */ = {
			isa = PBXGroup;
			children = (
				CEB9B84A2147AD85006EED75 /* CurrentNewsViewProtocol.h */,
				CECCEACA21465E820042D660 /* CurrentNewsView.h */,
				CECCEAC921465E810042D660 /* CurrentNewsView.m */,
			);
			path = View;
			sourceTree = "<group>";
		};
		CEA8BECF214676B20076DCAB /* Present */ = {
			isa = PBXGroup;
			children = (
				CECCEACC2146624C0042D660 /* CurrentNewsPresentProtocol.h */,
				CECCEAC621465CE30042D660 /* CurrentNewsPresenter.h */,
				CECCEAC721465CE30042D660 /* CurrentNewsPresenter.m */,
			);
			path = Present;
			sourceTree = "<group>";
		};
		CEA8BED0214676D70076DCAB /* Interactor */ = {
			isa = PBXGroup;
			children = (
				CECCEAD021466D320042D660 /* CurrentNewsInteractProtocol.h */,
				CECCEACD21466C340042D660 /* CurrentNewsInteractor.h */,
				CECCEACE21466C340042D660 /* CurrentNewsInteractor.m */,
			);
			path = Interactor;
			sourceTree = "<group>";
		};
		CEA8BED1214686F60076DCAB /* Views */ = {
			isa = PBXGroup;
			children = (
				CEA8BEE121469F4D0076DCAB /* NewsMainScreenViewProtocol.h */,
				CEA8BEC8214673770076DCAB /* NewsMainScreenView.h */,
				CEA8BEC9214673770076DCAB /* NewsMainScreenView.m */,
				CC34F92C213977710086C3B6 /* NewsPreviewCell */,
			);
			path = Views;
			sourceTree = "<group>";
		};
		CEA8BED221468A710076DCAB /* Router */ = {
			isa = PBXGroup;
			children = (
				CEA8BED321468A830076DCAB /* CurrentNewsRouter.h */,
				CEA8BED421468A830076DCAB /* CurrentNewsRouter.m */,
			);
			path = Router;
			sourceTree = "<group>";
		};
		CEA8BED721469C240076DCAB /* Present */ = {
			isa = PBXGroup;
			children = (
				CEA8BEE021469ED20076DCAB /* NewsMainScreenPresenterProtocol.h */,
				CEA8BED821469C490076DCAB /* NewsMainScreenPresenter.h */,
				CEA8BED921469C490076DCAB /* NewsMainScreenPresenter.m */,
			);
			path = Present;
			sourceTree = "<group>";
		};
		CEA8BEDB21469E370076DCAB /* Interactor */ = {
			isa = PBXGroup;
			children = (
				CEA8BEDF21469E760076DCAB /* NewsMainScreenInteractorProtocol.h */,
				CEA8BEDC21469E560076DCAB /* NewsMainScreenInteractor.h */,
				CEA8BEDD21469E560076DCAB /* NewsMainScreenInteractor.m */,
			);
			path = Interactor;
			sourceTree = "<group>";
		};
		CEA8BEE22146A1100076DCAB /* Router */ = {
			isa = PBXGroup;
			children = (
				CEB9B896214C111E006EED75 /* NewsMainScreenRouterProtocol.h */,
				CEA8BEE32146A1210076DCAB /* NewsMainScreenRouter.h */,
				CEA8BEE42146A1210076DCAB /* NewsMainScreenRouter.m */,
			);
			path = Router;
			sourceTree = "<group>";
		};
		CEB9B84B2147BDEC006EED75 /* Calculator Module */ = {
			isa = PBXGroup;
			children = (
				CEB9B892214BF9DF006EED75 /* Configurator */,
				CEB9B84D2147BE47006EED75 /* Router */,
				CEB9B84C2147BDFB006EED75 /* View */,
				CEB9B84F2147BE5F006EED75 /* Present */,
				CEB9B84E2147BE58006EED75 /* Interactor */,
				CEB9B8502147BE69006EED75 /* Entity */,
			);
			path = "Calculator Module";
			sourceTree = "<group>";
		};
		CEB9B84C2147BDFB006EED75 /* View */ = {
			isa = PBXGroup;
			children = (
				CEB9B8542147C234006EED75 /* CalculatorScreenViewProtocol.h */,
				CEB9B8572147C482006EED75 /* CalculatorScreenView.h */,
				CEB9B8582147C482006EED75 /* CalculatorScreenView.m */,
			);
			path = View;
			sourceTree = "<group>";
		};
		CEB9B84D2147BE47006EED75 /* Router */ = {
			isa = PBXGroup;
			children = (
				CEB9B8512147C0B5006EED75 /* CalculatorScreenRouter.h */,
				CEB9B8522147C0B5006EED75 /* CalculatorScreenRouter.m */,
			);
			path = Router;
			sourceTree = "<group>";
		};
		CEB9B84E2147BE58006EED75 /* Interactor */ = {
			isa = PBXGroup;
			children = (
				CEB9B8552147C2CF006EED75 /* CalculatorScreenInteractorProtocol.h */,
				CEB9B85A2147C4CA006EED75 /* CalculatorScreenInteractor.h */,
				CEB9B85B2147C4CA006EED75 /* CalculatorScreenInteractor.m */,
			);
			path = Interactor;
			sourceTree = "<group>";
		};
		CEB9B84F2147BE5F006EED75 /* Present */ = {
			isa = PBXGroup;
			children = (
				CEB9B8562147C30C006EED75 /* CalculatorScreenPresenterProtocol.h */,
				CEB9B85D2147C501006EED75 /* CalculatorScreenPresenter.h */,
				CEB9B85E2147C501006EED75 /* CalculatorScreenPresenter.m */,
			);
			path = Present;
			sourceTree = "<group>";
		};
		CEB9B8502147BE69006EED75 /* Entity */ = {
			isa = PBXGroup;
			children = (
				CEB9B8632147DACB006EED75 /* CalculatorEntityProtocol.h */,
				CEB9B8602147DABE006EED75 /* CalculatorEntity.h */,
				CEB9B8612147DABE006EED75 /* CalculatorEntity.m */,
				CEB9B8642147F37D006EED75 /* CalculatorTypes.h */,
			);
			path = Entity;
			sourceTree = "<group>";
		};
		CEB9B88A214BE005006EED75 /* Configurator */ = {
			isa = PBXGroup;
			children = (
				CEB9B88B214BE019006EED75 /* NewsMainScreenConfigurator.h */,
				CEB9B88C214BE019006EED75 /* NewsMainScreenConfigurator.m */,
			);
			path = Configurator;
			sourceTree = "<group>";
		};
		CEB9B88E214BF78B006EED75 /* Configurator */ = {
			isa = PBXGroup;
			children = (
				CEB9B88F214BF7B5006EED75 /* CurrentNewsConfigurator.h */,
				CEB9B890214BF7B5006EED75 /* CurrentNewsConfigurator.m */,
			);
			path = Configurator;
			sourceTree = "<group>";
		};
		CEB9B892214BF9DF006EED75 /* Configurator */ = {
			isa = PBXGroup;
			children = (
				CEB9B893214BF9F5006EED75 /* CalculatorConfigurator.h */,
				CEB9B894214BF9F5006EED75 /* CalculatorConfigurator.m */,
			);
			path = Configurator;
			sourceTree = "<group>";
		};
		CECCEAC521465CAB0042D660 /* Current News Module */ = {
			isa = PBXGroup;
			children = (
				CEB9B88E214BF78B006EED75 /* Configurator */,
				CEA8BED221468A710076DCAB /* Router */,
				CEA8BED0214676D70076DCAB /* Interactor */,
				CEA8BECF214676B20076DCAB /* Present */,
				CEA8BECE2146768D0076DCAB /* View */,
			);
			path = "Current News Module";
			sourceTree = "<group>";
		};
/* End PBXGroup section */

/* Begin PBXNativeTarget section */
		CC34F8FE2139638A0086C3B6 /* NewsFeed */ = {
			isa = PBXNativeTarget;
			buildConfigurationList = CC34F9152139638B0086C3B6 /* Build configuration list for PBXNativeTarget "NewsFeed" */;
			buildPhases = (
				CC34F8FB2139638A0086C3B6 /* Sources */,
				CC34F8FC2139638A0086C3B6 /* Frameworks */,
				CC34F8FD2139638A0086C3B6 /* Resources */,
			);
			buildRules = (
			);
			dependencies = (
			);
			name = NewsFeed;
			productName = NewsFeed;
			productReference = CC34F8FF2139638A0086C3B6 /* NewsFeed.app */;
			productType = "com.apple.product-type.application";
		};
		CEB9B87B21495920006EED75 /* CalculatorUiTests */ = {
			isa = PBXNativeTarget;
			buildConfigurationList = CEB9B88321495920006EED75 /* Build configuration list for PBXNativeTarget "CalculatorUiTests" */;
			buildPhases = (
				CEB9B87821495920006EED75 /* Sources */,
				CEB9B87921495920006EED75 /* Frameworks */,
				CEB9B87A21495920006EED75 /* Resources */,
			);
			buildRules = (
			);
			dependencies = (
				CEB9B88221495920006EED75 /* PBXTargetDependency */,
			);
			name = CalculatorUiTests;
			productName = CalculatorUiTests;
			productReference = CEB9B87C21495920006EED75 /* CalculatorUiTests.xctest */;
			productType = "com.apple.product-type.bundle.ui-testing";
		};
/* End PBXNativeTarget section */

/* Begin PBXProject section */
		CC34F8F72139638A0086C3B6 /* Project object */ = {
			isa = PBXProject;
			attributes = {
				LastUpgradeCheck = 0940;
				ORGANIZATIONNAME = "Alex Ivashko";
				TargetAttributes = {
					CC34F8FE2139638A0086C3B6 = {
						CreatedOnToolsVersion = 9.4.1;
					};
					CEB9B87B21495920006EED75 = {
						CreatedOnToolsVersion = 9.4.1;
						TestTargetID = CC34F8FE2139638A0086C3B6;
					};
				};
			};
			buildConfigurationList = CC34F8FA2139638A0086C3B6 /* Build configuration list for PBXProject "NewsFeed" */;
			compatibilityVersion = "Xcode 9.3";
			developmentRegion = en;
			hasScannedForEncodings = 0;
			knownRegions = (
				en,
				Base,
			);
			mainGroup = CC34F8F62139638A0086C3B6;
			productRefGroup = CC34F9002139638A0086C3B6 /* Products */;
			projectDirPath = "";
			projectRoot = "";
			targets = (
				CC34F8FE2139638A0086C3B6 /* NewsFeed */,
				CEB9B87B21495920006EED75 /* CalculatorUiTests */,
			);
		};
/* End PBXProject section */

/* Begin PBXResourcesBuildPhase section */
		CC34F8FD2139638A0086C3B6 /* Resources */ = {
			isa = PBXResourcesBuildPhase;
			buildActionMask = 2147483647;
			files = (
				CC34F90F2139638B0086C3B6 /* LaunchScreen.storyboard in Resources */,
				CC34F90C2139638B0086C3B6 /* Assets.xcassets in Resources */,
				CC34F931213D1F0C0086C3B6 /* NewsPreviewCell.xib in Resources */,
				CC2AFD3C214031A500E92019 /* urlPList.plist in Resources */,
				CC34F90A2139638A0086C3B6 /* Main.storyboard in Resources */,
			);
			runOnlyForDeploymentPostprocessing = 0;
		};
		CEB9B87A21495920006EED75 /* Resources */ = {
			isa = PBXResourcesBuildPhase;
			buildActionMask = 2147483647;
			files = (
			);
			runOnlyForDeploymentPostprocessing = 0;
		};
/* End PBXResourcesBuildPhase section */

/* Begin PBXSourcesBuildPhase section */
		CC34F8FB2139638A0086C3B6 /* Sources */ = {
			isa = PBXSourcesBuildPhase;
			buildActionMask = 2147483647;
			files = (
				CC34F9072139638A0086C3B6 /* FirstScreenView.m in Sources */,
				CC34F9122139638B0086C3B6 /* main.m in Sources */,
				CC34F9042139638A0086C3B6 /* AppDelegate.m in Sources */,
				CEB9B891214BF7B5006EED75 /* CurrentNewsConfigurator.m in Sources */,
				CEA8BEE52146A1210076DCAB /* NewsMainScreenRouter.m in Sources */,
				CECCEACB21465E820042D660 /* CurrentNewsView.m in Sources */,
				CECCEAC821465CE30042D660 /* CurrentNewsPresenter.m in Sources */,
				CEA8BEDE21469E560076DCAB /* NewsMainScreenInteractor.m in Sources */,
				CEB9B895214BF9F5006EED75 /* CalculatorConfigurator.m in Sources */,
				CEA8BED521468A830076DCAB /* CurrentNewsRouter.m in Sources */,
				CEB9B88D214BE019006EED75 /* NewsMainScreenConfigurator.m in Sources */,
				CEB9B8622147DABE006EED75 /* CalculatorEntity.m in Sources */,
				CEB9B8592147C482006EED75 /* CalculatorScreenView.m in Sources */,
				CECCEACF21466C340042D660 /* CurrentNewsInteractor.m in Sources */,
				CC34F92121396B180086C3B6 /* NewsPreviewCell.m in Sources */,
				CEB9B85F2147C501006EED75 /* CalculatorScreenPresenter.m in Sources */,
				CEA8BECA214673780076DCAB /* NewsMainScreenView.m in Sources */,
				CEB9B85C2147C4CA006EED75 /* CalculatorScreenInteractor.m in Sources */,
				CEA8BEDA21469C490076DCAB /* NewsMainScreenPresenter.m in Sources */,
				CEB9B8532147C0B5006EED75 /* CalculatorScreenRouter.m in Sources */,
				CC34F937213D5C760086C3B6 /* NewsComponents.m in Sources */,
			);
			runOnlyForDeploymentPostprocessing = 0;
		};
		CEB9B87821495920006EED75 /* Sources */ = {
			isa = PBXSourcesBuildPhase;
			buildActionMask = 2147483647;
			files = (
			);
			runOnlyForDeploymentPostprocessing = 0;
		};
/* End PBXSourcesBuildPhase section */

/* Begin PBXTargetDependency section */
		CEB9B88221495920006EED75 /* PBXTargetDependency */ = {
			isa = PBXTargetDependency;
			target = CC34F8FE2139638A0086C3B6 /* NewsFeed */;
			targetProxy = CEB9B88121495920006EED75 /* PBXContainerItemProxy */;
		};
/* End PBXTargetDependency section */

/* Begin PBXVariantGroup section */
		CC34F9082139638A0086C3B6 /* Main.storyboard */ = {
			isa = PBXVariantGroup;
			children = (
				CC34F9092139638A0086C3B6 /* Base */,
			);
			name = Main.storyboard;
			sourceTree = "<group>";
		};
		CC34F90D2139638B0086C3B6 /* LaunchScreen.storyboard */ = {
			isa = PBXVariantGroup;
			children = (
				CC34F90E2139638B0086C3B6 /* Base */,
			);
			name = LaunchScreen.storyboard;
			sourceTree = "<group>";
		};
/* End PBXVariantGroup section */

/* Begin XCBuildConfiguration section */
		CC34F9132139638B0086C3B6 /* Debug */ = {
			isa = XCBuildConfiguration;
			buildSettings = {
				ALWAYS_SEARCH_USER_PATHS = NO;
				CLANG_ANALYZER_NONNULL = YES;
				CLANG_ANALYZER_NUMBER_OBJECT_CONVERSION = YES_AGGRESSIVE;
				CLANG_CXX_LANGUAGE_STANDARD = "gnu++14";
				CLANG_CXX_LIBRARY = "libc++";
				CLANG_ENABLE_MODULES = YES;
				CLANG_ENABLE_OBJC_ARC = NO;
				CLANG_ENABLE_OBJC_WEAK = YES;
				CLANG_WARN_BLOCK_CAPTURE_AUTORELEASING = YES;
				CLANG_WARN_BOOL_CONVERSION = YES;
				CLANG_WARN_COMMA = YES;
				CLANG_WARN_CONSTANT_CONVERSION = YES;
				CLANG_WARN_DEPRECATED_OBJC_IMPLEMENTATIONS = YES;
				CLANG_WARN_DIRECT_OBJC_ISA_USAGE = YES_ERROR;
				CLANG_WARN_DOCUMENTATION_COMMENTS = YES;
				CLANG_WARN_EMPTY_BODY = YES;
				CLANG_WARN_ENUM_CONVERSION = YES;
				CLANG_WARN_INFINITE_RECURSION = YES;
				CLANG_WARN_INT_CONVERSION = YES;
				CLANG_WARN_NON_LITERAL_NULL_CONVERSION = YES;
				CLANG_WARN_OBJC_IMPLICIT_RETAIN_SELF = YES;
				CLANG_WARN_OBJC_LITERAL_CONVERSION = YES;
				CLANG_WARN_OBJC_ROOT_CLASS = YES_ERROR;
				CLANG_WARN_RANGE_LOOP_ANALYSIS = YES;
				CLANG_WARN_STRICT_PROTOTYPES = YES;
				CLANG_WARN_SUSPICIOUS_MOVE = YES;
				CLANG_WARN_UNGUARDED_AVAILABILITY = YES_AGGRESSIVE;
				CLANG_WARN_UNREACHABLE_CODE = YES;
				CLANG_WARN__DUPLICATE_METHOD_MATCH = YES;
				CODE_SIGN_IDENTITY = "iPhone Developer";
				COPY_PHASE_STRIP = NO;
				DEBUG_INFORMATION_FORMAT = dwarf;
				ENABLE_STRICT_OBJC_MSGSEND = YES;
				ENABLE_TESTABILITY = YES;
				GCC_C_LANGUAGE_STANDARD = gnu11;
				GCC_DYNAMIC_NO_PIC = NO;
				GCC_NO_COMMON_BLOCKS = YES;
				GCC_OPTIMIZATION_LEVEL = 0;
				GCC_PREPROCESSOR_DEFINITIONS = (
					"DEBUG=1",
					"$(inherited)",
				);
				GCC_WARN_64_TO_32_BIT_CONVERSION = YES;
				GCC_WARN_ABOUT_RETURN_TYPE = YES_ERROR;
				GCC_WARN_UNDECLARED_SELECTOR = YES;
				GCC_WARN_UNINITIALIZED_AUTOS = YES_AGGRESSIVE;
				GCC_WARN_UNUSED_FUNCTION = YES;
				GCC_WARN_UNUSED_VARIABLE = YES;
				IPHONEOS_DEPLOYMENT_TARGET = 11.4;
				MTL_ENABLE_DEBUG_INFO = YES;
				ONLY_ACTIVE_ARCH = YES;
				SDKROOT = iphoneos;
			};
			name = Debug;
		};
		CC34F9142139638B0086C3B6 /* Release */ = {
			isa = XCBuildConfiguration;
			buildSettings = {
				ALWAYS_SEARCH_USER_PATHS = NO;
				CLANG_ANALYZER_NONNULL = YES;
				CLANG_ANALYZER_NUMBER_OBJECT_CONVERSION = YES_AGGRESSIVE;
				CLANG_CXX_LANGUAGE_STANDARD = "gnu++14";
				CLANG_CXX_LIBRARY = "libc++";
				CLANG_ENABLE_MODULES = YES;
				CLANG_ENABLE_OBJC_ARC = NO;
				CLANG_ENABLE_OBJC_WEAK = YES;
				CLANG_WARN_BLOCK_CAPTURE_AUTORELEASING = YES;
				CLANG_WARN_BOOL_CONVERSION = YES;
				CLANG_WARN_COMMA = YES;
				CLANG_WARN_CONSTANT_CONVERSION = YES;
				CLANG_WARN_DEPRECATED_OBJC_IMPLEMENTATIONS = YES;
				CLANG_WARN_DIRECT_OBJC_ISA_USAGE = YES_ERROR;
				CLANG_WARN_DOCUMENTATION_COMMENTS = YES;
				CLANG_WARN_EMPTY_BODY = YES;
				CLANG_WARN_ENUM_CONVERSION = YES;
				CLANG_WARN_INFINITE_RECURSION = YES;
				CLANG_WARN_INT_CONVERSION = YES;
				CLANG_WARN_NON_LITERAL_NULL_CONVERSION = YES;
				CLANG_WARN_OBJC_IMPLICIT_RETAIN_SELF = YES;
				CLANG_WARN_OBJC_LITERAL_CONVERSION = YES;
				CLANG_WARN_OBJC_ROOT_CLASS = YES_ERROR;
				CLANG_WARN_RANGE_LOOP_ANALYSIS = YES;
				CLANG_WARN_STRICT_PROTOTYPES = YES;
				CLANG_WARN_SUSPICIOUS_MOVE = YES;
				CLANG_WARN_UNGUARDED_AVAILABILITY = YES_AGGRESSIVE;
				CLANG_WARN_UNREACHABLE_CODE = YES;
				CLANG_WARN__DUPLICATE_METHOD_MATCH = YES;
				CODE_SIGN_IDENTITY = "iPhone Developer";
				COPY_PHASE_STRIP = NO;
				DEBUG_INFORMATION_FORMAT = "dwarf-with-dsym";
				ENABLE_NS_ASSERTIONS = NO;
				ENABLE_STRICT_OBJC_MSGSEND = YES;
				GCC_C_LANGUAGE_STANDARD = gnu11;
				GCC_NO_COMMON_BLOCKS = YES;
				GCC_WARN_64_TO_32_BIT_CONVERSION = YES;
				GCC_WARN_ABOUT_RETURN_TYPE = YES_ERROR;
				GCC_WARN_UNDECLARED_SELECTOR = YES;
				GCC_WARN_UNINITIALIZED_AUTOS = YES_AGGRESSIVE;
				GCC_WARN_UNUSED_FUNCTION = YES;
				GCC_WARN_UNUSED_VARIABLE = YES;
				IPHONEOS_DEPLOYMENT_TARGET = 11.4;
				MTL_ENABLE_DEBUG_INFO = NO;
				SDKROOT = iphoneos;
				VALIDATE_PRODUCT = YES;
			};
			name = Release;
		};
		CC34F9162139638B0086C3B6 /* Debug */ = {
			isa = XCBuildConfiguration;
			buildSettings = {
				ASSETCATALOG_COMPILER_APPICON_NAME = AppIcon;
				CLANG_ENABLE_OBJC_ARC = YES;
				CODE_SIGN_STYLE = Automatic;
				DEVELOPMENT_TEAM = KN2R38R4DZ;
				INFOPLIST_FILE = NewsFeed/Info.plist;
				LD_RUNPATH_SEARCH_PATHS = (
					"$(inherited)",
					"@executable_path/Frameworks",
				);
				PRODUCT_BUNDLE_IDENTIFIER = com.overcot.NewsFeed;
				PRODUCT_NAME = "$(TARGET_NAME)";
				TARGETED_DEVICE_FAMILY = "1,2";
			};
			name = Debug;
		};
		CC34F9172139638B0086C3B6 /* Release */ = {
			isa = XCBuildConfiguration;
			buildSettings = {
				ASSETCATALOG_COMPILER_APPICON_NAME = AppIcon;
				CLANG_ENABLE_OBJC_ARC = YES;
				CODE_SIGN_STYLE = Automatic;
				DEVELOPMENT_TEAM = KN2R38R4DZ;
				INFOPLIST_FILE = NewsFeed/Info.plist;
				LD_RUNPATH_SEARCH_PATHS = (
					"$(inherited)",
					"@executable_path/Frameworks",
				);
				PRODUCT_BUNDLE_IDENTIFIER = com.overcot.NewsFeed;
				PRODUCT_NAME = "$(TARGET_NAME)";
				TARGETED_DEVICE_FAMILY = "1,2";
			};
			name = Release;
		};
		CEB9B88421495920006EED75 /* Debug */ = {
			isa = XCBuildConfiguration;
			buildSettings = {
				CLANG_ENABLE_OBJC_ARC = YES;
				CODE_SIGN_STYLE = Automatic;
				DEVELOPMENT_TEAM = KN2R38R4DZ;
				INFOPLIST_FILE = CalculatorUiTests/Info.plist;
				LD_RUNPATH_SEARCH_PATHS = (
					"$(inherited)",
					"@executable_path/Frameworks",
					"@loader_path/Frameworks",
				);
				PRODUCT_BUNDLE_IDENTIFIER = overcot.CalculatorUiTests;
				PRODUCT_NAME = "$(TARGET_NAME)";
				TARGETED_DEVICE_FAMILY = "1,2";
				TEST_TARGET_NAME = NewsFeed;
			};
			name = Debug;
		};
		CEB9B88521495920006EED75 /* Release */ = {
			isa = XCBuildConfiguration;
			buildSettings = {
				CLANG_ENABLE_OBJC_ARC = YES;
				CODE_SIGN_STYLE = Automatic;
				DEVELOPMENT_TEAM = KN2R38R4DZ;
				INFOPLIST_FILE = CalculatorUiTests/Info.plist;
				LD_RUNPATH_SEARCH_PATHS = (
					"$(inherited)",
					"@executable_path/Frameworks",
					"@loader_path/Frameworks",
				);
				PRODUCT_BUNDLE_IDENTIFIER = overcot.CalculatorUiTests;
				PRODUCT_NAME = "$(TARGET_NAME)";
				TARGETED_DEVICE_FAMILY = "1,2";
				TEST_TARGET_NAME = NewsFeed;
			};
			name = Release;
		};
/* End XCBuildConfiguration section */

/* Begin XCConfigurationList section */
		CC34F8FA2139638A0086C3B6 /* Build configuration list for PBXProject "NewsFeed" */ = {
			isa = XCConfigurationList;
			buildConfigurations = (
				CC34F9132139638B0086C3B6 /* Debug */,
				CC34F9142139638B0086C3B6 /* Release */,
			);
			defaultConfigurationIsVisible = 0;
			defaultConfigurationName = Release;
		};
		CC34F9152139638B0086C3B6 /* Build configuration list for PBXNativeTarget "NewsFeed" */ = {
			isa = XCConfigurationList;
			buildConfigurations = (
				CC34F9162139638B0086C3B6 /* Debug */,
				CC34F9172139638B0086C3B6 /* Release */,
			);
			defaultConfigurationIsVisible = 0;
			defaultConfigurationName = Release;
		};
		CEB9B88321495920006EED75 /* Build configuration list for PBXNativeTarget "CalculatorUiTests" */ = {
			isa = XCConfigurationList;
			buildConfigurations = (
				CEB9B88421495920006EED75 /* Debug */,
				CEB9B88521495920006EED75 /* Release */,
			);
			defaultConfigurationIsVisible = 0;
			defaultConfigurationName = Release;
		};
/* End XCConfigurationList section */
	};
	rootObject = CC34F8F72139638A0086C3B6 /* Project object */;
}
